#MicroXplorer Configuration settings - do not modify
Mcu.Family=STM32F4
ProjectManager.MainLocation=Core/Src
PA2.GPIO_PuPd=GPIO_PULLUP
PB13.GPIOParameters=GPIO_PuPd
VP_TIM10_VS_ClockSourceINT.Signal=TIM10_VS_ClockSourceINT
PH0-OSC_IN.Signal=RCC_OSC_IN
RCC.CortexFreq_Value=168000000
ProjectManager.KeepUserCode=true
Mcu.UserName=STM32F407VETx
TIM1.IPParameters=Channel-PWM Generation1 CH1,Prescaler,Period,Pulse-PWM Generation1 CH1
PC10.Locked=true
RCC.PLLCLKFreq_Value=168000000
PC10.Signal=USART3_TX
RCC.PLLQCLKFreq_Value=84000000
ProjectManager.functionlistsort=1-MX_GPIO_Init-GPIO-false-HAL-true,2-SystemClock_Config-RCC-false-HAL-false,3-MX_DAC_Init-DAC-false-HAL-true,4-MX_TIM1_Init-TIM1-false-HAL-true,5-MX_TIM10_Init-TIM10-false-HAL-true,6-MX_USART3_UART_Init-USART3-false-HAL-true,7-MX_LWIP_Init-LWIP-false-HAL-false
PD0.GPIO_Label=BASLER_INPUT_LINE
RCC.RTCFreq_Value=32000
PA6.GPIO_Label=LED_RED
PB0.GPIO_Label=ETHERNET_RST
PD0.Locked=true
TIM1.Pulse-PWM\ Generation1\ CH1=20000
PC5.Mode=RMII
PB11.GPIO_PuPd=GPIO_PULLUP
SH.S_TIM1_CH1.ConfNb=1
PB11.Signal=ETH_TX_EN
PB13.Signal=ETH_TXD1
PA5.PinState=GPIO_PIN_RESET
PA2.GPIOParameters=GPIO_PuPd
PC15-OSC32_OUT.GPIO_Label=Photo_Transistor
PinOutPanel.RotationAngle=0
RCC.SYSCLKSource=RCC_SYSCLKSOURCE_PLLCLK
ProjectManager.StackSize=0x400
VP_FREERTOS_VS_CMSIS_V2.Mode=CMSIS_V2
LWIP.NETMASK_ADDRESS=255.255.255.000
Mcu.IP4=NVIC
Mcu.IP5=RCC
RCC.FCLKCortexFreq_Value=168000000
Mcu.IP2=FREERTOS
NVIC.SVCall_IRQn=true\:0\:0\:false\:false\:false\:false\:false\:false
Mcu.IP3=LWIP
Mcu.IP0=DAC
Mcu.IP1=ETH
TIM1.Prescaler=100
Mcu.UserConstants=
PD15.GPIOParameters=PinState,GPIO_PuPd,GPIO_Label
PC1.GPIOParameters=GPIO_PuPd
PB0.PinState=GPIO_PIN_SET
LWIP.IPParameters=LWIP_DHCP,IP_ADDRESS,NETMASK_ADDRESS,GATEWAY_ADDRESS
Mcu.ThirdPartyNb=0
RCC.HCLKFreq_Value=168000000
Mcu.IPNb=11
RCC.I2SClocksFreq_Value=192000000
ProjectManager.PreviousToolchain=STM32CubeIDE
RCC.APB2TimFreq_Value=168000000
VP_TIM10_VS_ClockSourceINT.Mode=Enable_Timer
RCC.VcooutputI2S=192000000
PA8.GPIOParameters=GPIO_Label
Mcu.Pin6=PA2
PD0.Signal=GPIO_Input
Mcu.Pin7=PA4
Mcu.Pin8=PA5
Mcu.Pin9=PA6
FREERTOS.IPParameters=Tasks01,FootprintOK,configTOTAL_HEAP_SIZE
PA1.GPIO_PuPd=GPIO_PULLUP
RCC.AHBFreq_Value=168000000
PH0-OSC_IN.Mode=HSE-External-Oscillator
Mcu.Pin0=PE2
Mcu.Pin1=PC15-OSC32_OUT
NVIC.ETH_IRQn=true\:5\:0\:false\:false\:true\:true\:false\:true
GPIO.groupedBy=Group By Peripherals
Mcu.Pin2=PH0-OSC_IN
Mcu.Pin3=PH1-OSC_OUT
Mcu.Pin4=PC1
NVIC.EXTI15_10_IRQn=true\:5\:0\:false\:false\:true\:true\:true\:true
Mcu.Pin5=PA1
ProjectManager.ProjectBuild=false
NVIC.TIM1_TRG_COM_TIM11_IRQn=true\:0\:0\:false\:false\:true\:false\:false\:true
RCC.HSE_VALUE=8000000
NVIC.UsageFault_IRQn=true\:0\:0\:false\:false\:true\:false\:false\:false
NVIC.DebugMonitor_IRQn=true\:0\:0\:false\:false\:true\:false\:false\:false
PB3.Mode=Trace_Asynchronous_SW
PA8.Locked=true
Mcu.IP10=USART3
PC1.GPIO_PuPd=GPIO_PULLUP
NVIC.SysTick_IRQn=true\:15\:0\:false\:false\:false\:true\:false\:true
PD15.PinState=GPIO_PIN_SET
ProjectManager.FirmwarePackage=STM32Cube FW_F4 V1.26.1
MxDb.Version=DB.6.0.21
PB0.GPIOParameters=PinState,GPIO_PuPd,GPIO_Label
PA6.GPIO_PuPd=GPIO_NOPULL
PA1.GPIOParameters=GPIO_PuPd
ProjectManager.BackupPrevious=false
RCC.VCOInputFreq_Value=2000000
TIM1.Channel-PWM\ Generation1\ CH1=TIM_CHANNEL_1
PE9.Signal=GPIO_Output
PA14.Mode=Trace_Asynchronous_SW
PE8.Locked=true
PE9.Locked=true
PA5.GPIO_PuPd=GPIO_NOPULL
PC11.GPIO_Label=RXD
File.Version=6
PA10.GPIO_Label=DIR
PE2.Signal=GPIO_Output
PA8.Signal=S_TIM1_CH1
NVIC.PendSV_IRQn=true\:15\:0\:false\:false\:false\:true\:false\:false
ProjectManager.HalAssertFull=false
PB0.Locked=true
FREERTOS.configTOTAL_HEAP_SIZE=15360 * 2
ProjectManager.ProjectName=panorama
PH1-OSC_OUT.Mode=HSE-External-Oscillator
RCC.MCO2PinFreq_Value=168000000
Mcu.Package=LQFP100
PA6.Signal=GPIO_Output
PB12.Mode=RMII
PA5.Locked=true
NVIC.TimeBase=TIM1_TRG_COM_TIM11_IRQn
SH.COMP_DAC1_group.ConfNb=1
ProjectManager.ToolChainLocation=
PD15.GPIO_PuPd=GPIO_PULLUP
RCC.LSI_VALUE=32000
NVIC.TimeBaseIP=TIM11
USART3.IPParameters=VirtualMode
PA10.Signal=GPIO_Output
FREERTOS.FootprintOK=true
VP_TIM13_VS_ClockSourceINT.Signal=TIM13_VS_ClockSourceINT
PA5.GPIOParameters=PinState,GPIO_PuPd,GPIO_Label
PC11.Mode=Asynchronous
RCC.APB2CLKDivider=RCC_HCLK_DIV2
RCC.APB1TimFreq_Value=84000000
NVIC.BusFault_IRQn=true\:0\:0\:false\:false\:true\:false\:false\:false
PC5.Signal=ETH_RXD1
TIM1.Period=20000
PB13.Mode=RMII
PC15-OSC32_OUT.GPIOParameters=GPIO_Label
PE2.GPIO_Label=LASER_ENABLE
PD15.Signal=GPIO_Output
ProjectManager.CustomerFirmwarePackage=
PC4.GPIOParameters=GPIO_PuPd
PC4.Mode=RMII
VP_LWIP_VS_Enabled.Signal=LWIP_VS_Enabled
LWIP.IP_ADDRESS=192.168.000.055
PA6.GPIOParameters=GPIO_PuPd,GPIO_Label
RCC.PLLSourceVirtual=RCC_PLLSOURCE_HSE
SH.COMP_DAC1_group.0=DAC_OUT1,DAC_OUT1
ProjectManager.ProjectFileName=panorama.ioc
PE8.GPIOParameters=GPIO_Label
FREERTOS.Tasks01=defaultTask,24,128,StartDefaultTask,Default,NULL,Static,defaultTaskBuffer,defaultTaskControlBlock;StepMotorSpeed,25,128,SpeedTask,Default,NULL,Static,SpeedTaskBuffer,SpeedTaskControlBlock
PD15.GPIO_Label=ENABLE_Step
PA7.Mode=RMII
PC10.GPIO_Label=TXD
Mcu.PinsNb=33
ProjectManager.NoMain=false
PC11.Locked=true
PC4.GPIO_PuPd=GPIO_PULLUP
NVIC.SavedSvcallIrqHandlerGenerated=true
PC11.Signal=USART3_RX
PC4.Signal=ETH_RXD0
PC10.Mode=Asynchronous
ProjectManager.DefaultFWLocation=true
LWIP.LWIP_DHCP=1
ProjectManager.DeletePrevious=true
RCC.APB1CLKDivider=RCC_HCLK_DIV4
PC5.GPIO_PuPd=GPIO_PULLUP
PC11.GPIOParameters=GPIO_Label
ETH.PhyAddress=0
RCC.FamilyName=M
VP_LWIP_VS_Enabled.Mode=Enabled
LWIP.GATEWAY_ADDRESS=192.168.000.010
PE9.GPIOParameters=GPIO_Label
ETH.IPParameters=MediaInterface,PhyAddress
PA13.Signal=SYS_JTMS-SWDIO
PA8.GPIO_Label=STEP
PC15-OSC32_OUT.Locked=true
SH.S_TIM1_CH1.0=TIM1_CH1,PWM Generation1 CH1
PB11.Mode=RMII
ProjectManager.TargetToolchain=STM32CubeIDE
PE8.GPIO_Label=NERROR
PC5.GPIOParameters=GPIO_PuPd
PB11.GPIOParameters=GPIO_PuPd
PE2.GPIOParameters=GPIO_Label
ProjectManager.RegisterCallBack=
RCC.LSE_VALUE=32768
PC15-OSC32_OUT.Signal=GPXTI15
PE9.GPIO_Label=EN_LED
PA1.Signal=ETH_REF_CLK
PA7.GPIO_PuPd=GPIO_PULLUP
TIM13.IPParameters=Prescaler
RCC.VCOI2SOutputFreq_Value=384000000
PA5.Signal=GPIO_Output
board=custom
RCC.VCOOutputFreq_Value=336000000
ProjectManager.LastFirmware=false
VP_SYS_VS_tim11.Signal=SYS_VS_tim11
PB13.GPIO_PuPd=GPIO_PULLUP
VP_TIM13_VS_ClockSourceINT.Mode=Enable_Timer
NVIC.SavedSystickIrqHandlerGenerated=true
RCC.APB2Freq_Value=84000000
PA1.Mode=RMII
MxCube.Version=6.2.1
TIM13.Prescaler=65535
PE8.Signal=GPIO_Output
Mcu.Pin30=VP_SYS_VS_tim11
PA10.GPIOParameters=GPIO_Label
RCC.EthernetFreq_Value=168000000
PH1-OSC_OUT.Signal=RCC_OSC_OUT
Mcu.Pin31=VP_TIM10_VS_ClockSourceINT
Mcu.Pin32=VP_TIM13_VS_ClockSourceINT
NVIC.NonMaskableInt_IRQn=true\:0\:0\:false\:false\:true\:false\:false\:false
PC10.GPIOParameters=GPIO_Label
PA13.Mode=Trace_Asynchronous_SW
ProjectManager.FreePins=false
RCC.IPParameters=48MHZClocksFreq_Value,AHBFreq_Value,APB1CLKDivider,APB1Freq_Value,APB1TimFreq_Value,APB2CLKDivider,APB2Freq_Value,APB2TimFreq_Value,CortexFreq_Value,EthernetFreq_Value,FCLKCortexFreq_Value,FamilyName,HCLKFreq_Value,HSE_VALUE,HSI_VALUE,I2SClocksFreq_Value,LSE_VALUE,LSI_VALUE,MCO2PinFreq_Value,PLLCLKFreq_Value,PLLM,PLLN,PLLQCLKFreq_Value,PLLSourceVirtual,RTCFreq_Value,RTCHSEDivFreq_Value,SYSCLKFreq_VALUE,SYSCLKSource,VCOI2SOutputFreq_Value,VCOInputFreq_Value,VCOOutputFreq_Value,VcooutputI2S
ProjectManager.AskForMigrate=true
Mcu.Name=STM32F407V(E-G)Tx
VP_SYS_VS_tim11.Mode=TIM11
Mcu.Pin26=PD0
Mcu.Pin27=PB3
NVIC.SavedPendsvIrqHandlerGenerated=true
RCC.RTCHSEDivFreq_Value=4000000
PA2.Signal=ETH_MDIO
Mcu.Pin24=PC10
ProjectManager.UnderRoot=true
Mcu.Pin25=PC11
Mcu.IP8=TIM10
VP_FREERTOS_VS_CMSIS_V2.Signal=FREERTOS_VS_CMSIS_V2
Mcu.IP9=TIM13
Mcu.Pin28=VP_FREERTOS_VS_CMSIS_V2
Mcu.IP6=SYS
Mcu.Pin29=VP_LWIP_VS_Enabled
Mcu.IP7=TIM1
ProjectManager.CoupleFile=true
RCC.48MHZClocksFreq_Value=84000000
PB3.Signal=SYS_JTDO-SWO
PA4.Signal=COMP_DAC1_group
RCC.SYSCLKFreq_VALUE=168000000
Mcu.Pin22=PA13
ETH.MediaInterface=ETH_MEDIA_INTERFACE_RMII
Mcu.Pin23=PA14
Mcu.Pin20=PA8
Mcu.Pin21=PA10
PA5.GPIO_Label=LED_GREEN
PA10.Locked=true
NVIC.ForceEnableDMAVector=true
KeepUserPlacement=false
USART3.VirtualMode=VM_ASYNC
NVIC.MemoryManagement_IRQn=true\:0\:0\:false\:false\:true\:false\:false\:false
ProjectManager.CompilerOptimize=6
PD15.Locked=true
PA14.Signal=SYS_JTCK-SWCLK
ProjectManager.HeapSize=0x200
Mcu.Pin15=PE9
NVIC.HardFault_IRQn=true\:0\:0\:false\:false\:true\:false\:false\:false
Mcu.Pin16=PB11
LWIP.Version=v2.1.2_Cube
Mcu.Pin13=PB0
Mcu.Pin14=PE8
Mcu.Pin19=PD15
SH.GPXTI15.ConfNb=1
ProjectManager.ComputerToolchain=false
Mcu.Pin17=PB12
RCC.HSI_VALUE=16000000
Mcu.Pin18=PB13
NVIC.PriorityGroup=NVIC_PRIORITYGROUP_4
SH.GPXTI15.0=GPIO_EXTI15
Mcu.Pin11=PC4
Mcu.Pin12=PC5
PD0.GPIOParameters=GPIO_Label
RCC.PLLM=4
RCC.PLLN=168
Mcu.Pin10=PA7
PE2.Locked=true
PA2.Mode=RMII
PB12.GPIO_PuPd=GPIO_PULLUP
RCC.APB1Freq_Value=42000000
PB0.Signal=GPIO_Output
PA7.GPIOParameters=GPIO_PuPd
ProjectManager.DeviceId=STM32F407VETx
PC1.Signal=ETH_MDC
PB12.GPIOParameters=GPIO_PuPd
PB12.Signal=ETH_TXD0
ProjectManager.LibraryCopy=2
PB0.GPIO_PuPd=GPIO_PULLUP
PC1.Mode=RMII
PA7.Signal=ETH_CRS_DV
PA6.Locked=true
isbadioc=false
